// !$*UTF8*$!
{
	archiveVersion = 1;
	classes = {
	};
	objectVersion = 46;
	objects = {

/* Begin PBXBuildFile section */
		65B2199A1A2330A80057AC84 /* AppDelegate.swift in Sources */ = {isa = PBXBuildFile; fileRef = 65B219991A2330A80057AC84 /* AppDelegate.swift */; };
		65B2199C1A2330A80057AC84 /* ViewController.swift in Sources */ = {isa = PBXBuildFile; fileRef = 65B2199B1A2330A80057AC84 /* ViewController.swift */; };
		65B2199F1A2330A80057AC84 /* Main.storyboard in Resources */ = {isa = PBXBuildFile; fileRef = 65B2199D1A2330A80057AC84 /* Main.storyboard */; };
		65B219A11A2330A80057AC84 /* Images.xcassets in Resources */ = {isa = PBXBuildFile; fileRef = 65B219A01A2330A80057AC84 /* Images.xcassets */; };
		65B219A41A2330A80057AC84 /* LaunchScreen.xib in Resources */ = {isa = PBXBuildFile; fileRef = 65B219A21A2330A80057AC84 /* LaunchScreen.xib */; };
		65B219B01A2330A80057AC84 /* CrowdAppTests.swift in Sources */ = {isa = PBXBuildFile; fileRef = 65B219AF1A2330A80057AC84 /* CrowdAppTests.swift */; };
/* End PBXBuildFile section */

/* Begin PBXContainerItemProxy section */
		65B219AA1A2330A80057AC84 /* PBXContainerItemProxy */ = {
			isa = PBXContainerItemProxy;
			containerPortal = 65B2198C1A2330A80057AC84 /* Project object */;
			proxyType = 1;
			remoteGlobalIDString = 65B219931A2330A80057AC84;
			remoteInfo = CrowdApp;
		};
/* End PBXContainerItemProxy section */

/* Begin PBXFileReference section */
		65B219941A2330A80057AC84 /* CrowdApp.app */ = {isa = PBXFileReference; explicitFileType = wrapper.application; includeInIndex = 0; path = CrowdApp.app; sourceTree = BUILT_PRODUCTS_DIR; };
		65B219981A2330A80057AC84 /* Info.plist */ = {isa = PBXFileReference; lastKnownFileType = text.plist.xml; path = Info.plist; sourceTree = "<group>"; };
		65B219991A2330A80057AC84 /* AppDelegate.swift */ = {isa = PBXFileReference; lastKnownFileType = sourcecode.swift; path = AppDelegate.swift; sourceTree = "<group>"; };
		65B2199B1A2330A80057AC84 /* ViewController.swift */ = {isa = PBXFileReference; lastKnownFileType = sourcecode.swift; path = ViewController.swift; sourceTree = "<group>"; };
		65B2199E1A2330A80057AC84 /* Base */ = {isa = PBXFileReference; lastKnownFileType = file.storyboard; name = Base; path = Base.lproj/Main.storyboard; sourceTree = "<group>"; };
		65B219A01A2330A80057AC84 /* Images.xcassets */ = {isa = PBXFileReference; lastKnownFileType = folder.assetcatalog; path = Images.xcassets; sourceTree = "<group>"; };
		65B219A31A2330A80057AC84 /* Base */ = {isa = PBXFileReference; lastKnownFileType = file.xib; name = Base; path = Base.lproj/LaunchScreen.xib; sourceTree = "<group>"; };
		65B219A91A2330A80057AC84 /* CrowdAppTests.xctest */ = {isa = PBXFileReference; explicitFileType = wrapper.cfbundle; includeInIndex = 0; path = CrowdAppTests.xctest; sourceTree = BUILT_PRODUCTS_DIR; };
		65B219AE1A2330A80057AC84 /* Info.plist */ = {isa = PBXFileReference; lastKnownFileType = text.plist.xml; path = Info.plist; sourceTree = "<group>"; };
		65B219AF1A2330A80057AC84 /* CrowdAppTests.swift */ = {isa = PBXFileReference; lastKnownFileType = sourcecode.swift; path = CrowdAppTests.swift; sourceTree = "<group>"; };
/* End PBXFileReference section */

/* Begin PBXFrameworksBuildPhase section */
		65B219911A2330A80057AC84 /* Frameworks */ = {
			isa = PBXFrameworksBuildPhase;
			buildActionMask = 2147483647;
			files = (
			);
			runOnlyForDeploymentPostprocessing = 0;
		};
		65B219A61A2330A80057AC84 /* Frameworks */ = {
			isa = PBXFrameworksBuildPhase;
			buildActionMask = 2147483647;
			files = (
			);
			runOnlyForDeploymentPostprocessing = 0;
		};
/* End PBXFrameworksBuildPhase section */

/* Begin PBXGroup section */
		65B2198B1A2330A80057AC84 = {
			isa = PBXGroup;
			children = (
				65B219961A2330A80057AC84 /* CrowdApp */,
				65B219AC1A2330A80057AC84 /* CrowdAppTests */,
				65B219951A2330A80057AC84 /* Products */,
			);
			sourceTree = "<group>";
		};
		65B219951A2330A80057AC84 /* Products */ = {
			isa = PBXGroup;
			children = (
				65B219941A2330A80057AC84 /* CrowdApp.app */,
				65B219A91A2330A80057AC84 /* CrowdAppTests.xctest */,
			);
			name = Products;
			sourceTree = "<group>";
		};
		65B219961A2330A80057AC84 /* CrowdApp */ = {
			isa = PBXGroup;
			children = (
				65B219B91A2331110057AC84 /* View Controllers */,
				65B219991A2330A80057AC84 /* AppDelegate.swift */,
				65B2199D1A2330A80057AC84 /* Main.storyboard */,
				65B219A01A2330A80057AC84 /* Images.xcassets */,
				65B219A21A2330A80057AC84 /* LaunchScreen.xib */,
				65B219971A2330A80057AC84 /* Supporting Files */,
			);
			path = CrowdApp;
			sourceTree = "<group>";
		};
		65B219971A2330A80057AC84 /* Supporting Files */ = {
			isa = PBXGroup;
			children = (
				65B219981A2330A80057AC84 /* Info.plist */,
			);
			name = "Supporting Files";
			sourceTree = "<group>";
		};
		65B219AC1A2330A80057AC84 /* CrowdAppTests */ = {
			isa = PBXGroup;
			children = (
				65B219AF1A2330A80057AC84 /* CrowdAppTests.swift */,
				65B219AD1A2330A80057AC84 /* Supporting Files */,
			);
			path = CrowdAppTests;
			sourceTree = "<group>";
		};
		65B219AD1A2330A80057AC84 /* Supporting Files */ = {
			isa = PBXGroup;
			children = (
				65B219AE1A2330A80057AC84 /* Info.plist */,
			);
			name = "Supporting Files";
			sourceTree = "<group>";
		};
		65B219B91A2331110057AC84 /* View Controllers */ = {
			isa = PBXGroup;
			children = (
				65B2199B1A2330A80057AC84 /* ViewController.swift */,
			);
			name = "View Controllers";
			sourceTree = "<group>";
		};
/* End PBXGroup section */

/* Begin PBXNativeTarget section */
		65B219931A2330A80057AC84 /* CrowdApp */ = {
			isa = PBXNativeTarget;
			buildConfigurationList = 65B219B31A2330A80057AC84 /* Build configuration list for PBXNativeTarget "CrowdApp" */;
			buildPhases = (
				65B219901A2330A80057AC84 /* Sources */,
				65B219911A2330A80057AC84 /* Frameworks */,
				65B219921A2330A80057AC84 /* Resources */,
			);
			buildRules = (
			);
			dependencies = (
			);
			name = CrowdApp;
			productName = CrowdApp;
			productReference = 65B219941A2330A80057AC84 /* CrowdApp.app */;
			productType = "com.apple.product-type.application";
		};
		65B219A81A2330A80057AC84 /* CrowdAppTests */ = {
			isa = PBXNativeTarget;
			buildConfigurationList = 65B219B61A2330A80057AC84 /* Build configuration list for PBXNativeTarget "CrowdAppTests" */;
			buildPhases = (
				65B219A51A2330A80057AC84 /* Sources */,
				65B219A61A2330A80057AC84 /* Frameworks */,
				65B219A71A2330A80057AC84 /* Resources */,
			);
			buildRules = (
			);
			dependencies = (
				65B219AB1A2330A80057AC84 /* PBXTargetDependency */,
			);
			name = CrowdAppTests;
			productName = CrowdAppTests;
			productReference = 65B219A91A2330A80057AC84 /* CrowdAppTests.xctest */;
			productType = "com.apple.product-type.bundle.unit-test";
		};
/* End PBXNativeTarget section */

/* Begin PBXProject section */
		65B2198C1A2330A80057AC84 /* Project object */ = {
			isa = PBXProject;
			attributes = {
				LastUpgradeCheck = 0610;
				TargetAttributes = {
					65B219931A2330A80057AC84 = {
						CreatedOnToolsVersion = 6.1;
					};
					65B219A81A2330A80057AC84 = {
						CreatedOnToolsVersion = 6.1;
						TestTargetID = 65B219931A2330A80057AC84;
					};
				};
			};
			buildConfigurationList = 65B2198F1A2330A80057AC84 /* Build configuration list for PBXProject "CrowdApp" */;
			compatibilityVersion = "Xcode 3.2";
			developmentRegion = English;
			hasScannedForEncodings = 0;
			knownRegions = (
				en,
				Base,
			);
			mainGroup = 65B2198B1A2330A80057AC84;
			productRefGroup = 65B219951A2330A80057AC84 /* Products */;
			projectDirPath = "";
			projectRoot = "";
			targets = (
				65B219931A2330A80057AC84 /* CrowdApp */,
				65B219A81A2330A80057AC84 /* CrowdAppTests */,
			);
		};
/* End PBXProject section */

/* Begin PBXResourcesBuildPhase section */
		65B219921A2330A80057AC84 /* Resources */ = {
			isa = PBXResourcesBuildPhase;
			buildActionMask = 2147483647;
			files = (
				65B2199F1A2330A80057AC84 /* Main.storyboard in Resources */,
				65B219A41A2330A80057AC84 /* LaunchScreen.xib in Resources */,
				65B219A11A2330A80057AC84 /* Images.xcassets in Resources */,
			);
			runOnlyForDeploymentPostprocessing = 0;
		};
		65B219A71A2330A80057AC84 /* Resources */ = {
			isa = PBXResourcesBuildPhase;
			buildActionMask = 2147483647;
			files = (
			);
			runOnlyForDeploymentPostprocessing = 0;
		};
/* End PBXResourcesBuildPhase section */

/* Begin PBXSourcesBuildPhase section */
		65B219901A2330A80057AC84 /* Sources */ = {
			isa = PBXSourcesBuildPhase;
			buildActionMask = 2147483647;
			files = (
				65B2199C1A2330A80057AC84 /* ViewController.swift in Sources */,
				65B2199A1A2330A80057AC84 /* AppDelegate.swift in Sources */,
			);
			runOnlyForDeploymentPostprocessing = 0;
		};
		65B219A51A2330A80057AC84 /* Sources */ = {
			isa = PBXSourcesBuildPhase;
			buildActionMask = 2147483647;
			files = (
				65B219B01A2330A80057AC84 /* CrowdAppTests.swift in Sources */,
			);
			runOnlyForDeploymentPostprocessing = 0;
		};
/* End PBXSourcesBuildPhase section */

/* Begin PBXTargetDependency section */
		65B219AB1A2330A80057AC84 /* PBXTargetDependency */ = {
			isa = PBXTargetDependency;
			target = 65B219931A2330A80057AC84 /* CrowdApp */;
			targetProxy = 65B219AA1A2330A80057AC84 /* PBXContainerItemProxy */;
		};
/* End PBXTargetDependency section */

/* Begin PBXVariantGroup section */
		65B2199D1A2330A80057AC84 /* Main.storyboard */ = {
			isa = PBXVariantGroup;
			children = (
				65B2199E1A2330A80057AC84 /* Base */,
			);
			name = Main.storyboard;
			sourceTree = "<group>";
		};
		65B219A21A2330A80057AC84 /* LaunchScreen.xib */ = {
			isa = PBXVariantGroup;
			children = (
				65B219A31A2330A80057AC84 /* Base */,
			);
			name = LaunchScreen.xib;
			sourceTree = "<group>";
		};
/* End PBXVariantGroup section */

/* Begin XCBuildConfiguration section */
		65B219B11A2330A80057AC84 /* Debug */ = {
			isa = XCBuildConfiguration;
			buildSettings = {
				ALWAYS_SEARCH_USER_PATHS = NO;
				CLANG_CXX_LANGUAGE_STANDARD = "gnu++0x";
				CLANG_CXX_LIBRARY = "libc++";
				CLANG_ENABLE_MODULES = YES;
				CLANG_ENABLE_OBJC_ARC = YES;
				CLANG_WARN_BOOL_CONVERSION = YES;
				CLANG_WARN_CONSTANT_CONVERSION = YES;
				CLANG_WARN_DIRECT_OBJC_ISA_USAGE = YES_ERROR;
				CLANG_WARN_EMPTY_BODY = YES;
				CLANG_WARN_ENUM_CONVERSION = YES;
				CLANG_WARN_INT_CONVERSION = YES;
				CLANG_WARN_OBJC_ROOT_CLASS = YES_ERROR;
				CLANG_WARN_UNREACHABLE_CODE = YES;
				CLANG_WARN__DUPLICATE_METHOD_MATCH = YES;
				"CODE_SIGN_IDENTITY[sdk=iphoneos*]" = "iPhone Developer";
				COPY_PHASE_STRIP = NO;
				ENABLE_STRICT_OBJC_MSGSEND = YES;
				GCC_C_LANGUAGE_STANDARD = gnu99;
				GCC_DYNAMIC_NO_PIC = NO;
				GCC_OPTIMIZATION_LEVEL = 0;
				GCC_PREPROCESSOR_DEFINITIONS = (
					"DEBUG=1",
					"$(inherited)",
				);
				GCC_SYMBOLS_PRIVATE_EXTERN = NO;
				GCC_WARN_64_TO_32_BIT_CONVERSION = YES;
				GCC_WARN_ABOUT_RETURN_TYPE = YES_ERROR;
				GCC_WARN_UNDECLARED_SELECTOR = YES;
				GCC_WARN_UNINITIALIZED_AUTOS = YES_AGGRESSIVE;
				GCC_WARN_UNUSED_FUNCTION = YES;
				GCC_WARN_UNUSED_VARIABLE = YES;
				IPHONEOS_DEPLOYMENT_TARGET = 8.1;
				MTL_ENABLE_DEBUG_INFO = YES;
				ONLY_ACTIVE_ARCH = YES;
				SDKROOT = iphoneos;
				SWIFT_OPTIMIZATION_LEVEL = "-Onone";
			};
			name = Debug;
		};
		65B219B21A2330A80057AC84 /* Release */ = {
			isa = XCBuildConfiguration;
			buildSettings = {
				ALWAYS_SEARCH_USER_PATHS = NO;
				CLANG_CXX_LANGUAGE_STANDARD = "gnu++0x";
				CLANG_CXX_LIBRARY = "libc++";
				CLANG_ENABLE_MODULES = YES;
				CLANG_ENABLE_OBJC_ARC = YES;
				CLANG_WARN_BOOL_CONVERSION = YES;
				CLANG_WARN_CONSTANT_CONVERSION = YES;
				CLANG_WARN_DIRECT_OBJC_ISA_USAGE = YES_ERROR;
				CLANG_WARN_EMPTY_BODY = YES;
				CLANG_WARN_ENUM_CONVERSION = YES;
				CLANG_WARN_INT_CONVERSION = YES;
				CLANG_WARN_OBJC_ROOT_CLASS = YES_ERROR;
				CLANG_WARN_UNREACHABLE_CODE = YES;
				CLANG_WARN__DUPLICATE_METHOD_MATCH = YES;
				"CODE_SIGN_IDENTITY[sdk=iphoneos*]" = "iPhone Developer";
				COPY_PHASE_STRIP = YES;
				ENABLE_NS_ASSERTIONS = NO;
				ENABLE_STRICT_OBJC_MSGSEND = YES;
				GCC_C_LANGUAGE_STANDARD = gnu99;
				GCC_WARN_64_TO_32_BIT_CONVERSION = YES;
				GCC_WARN_ABOUT_RETURN_TYPE = YES_ERROR;
				GCC_WARN_UNDECLARED_SELECTOR = YES;
				GCC_WARN_UNINITIALIZED_AUTOS = YES_AGGRESSIVE;
				GCC_WARN_UNUSED_FUNCTION = YES;
				GCC_WARN_UNUSED_VARIABLE = YES;
				IPHONEOS_DEPLOYMENT_TARGET = 8.1;
				MTL_ENABLE_DEBUG_INFO = NO;
				SDKROOT = iphoneos;
				VALIDATE_PRODUCT = YES;
			};
			name = Release;
		};
		65B219B41A2330A80057AC84 /* Debug */ = {
			isa = XCBuildConfiguration;
			buildSettings = {
				ASSETCATALOG_COMPILER_APPICON_NAME = AppIcon;
				ASSETCATALOG_COMPILER_LAUNCHIMAGE_NAME = LaunchImage;
				INFOPLIST_FILE = CrowdApp/Info.plist;
				LD_RUNPATH_SEARCH_PATHS = "$(inherited) @executable_path/Frameworks";
				PRODUCT_NAME = "$(TARGET_NAME)";
			};
			name = Debug;
		};
		65B219B51A2330A80057AC84 /* Release */ = {
			isa = XCBuildConfiguration;
			buildSettings = {
				ASSETCATALOG_COMPILER_APPICON_NAME = AppIcon;
				ASSETCATALOG_COMPILER_LAUNCHIMAGE_NAME = LaunchImage;
				INFOPLIST_FILE = CrowdApp/Info.plist;
				LD_RUNPATH_SEARCH_PATHS = "$(inherited) @executable_path/Frameworks";
				PRODUCT_NAME = "$(TARGET_NAME)";
			};
			name = Release;
		};
		65B219B71A2330A80057AC84 /* Debug */ = {
			isa = XCBuildConfiguration;
			buildSettings = {
				BUNDLE_LOADER = "$(TEST_HOST)";
				FRAMEWORK_SEARCH_PATHS = (
					"$(SDKROOT)/Developer/Library/Frameworks",
					"$(inherited)",
				);
				GCC_PREPROCESSOR_DEFINITIONS = (
					"DEBUG=1",
					"$(inherited)",
				);
				INFOPLIST_FILE = CrowdAppTests/Info.plist;
				LD_RUNPATH_SEARCH_PATHS = "$(inherited) @executable_path/Frameworks @loader_path/Frameworks";
				PRODUCT_NAME = "$(TARGET_NAME)";
				TEST_HOST = "$(BUILT_PRODUCTS_DIR)/CrowdApp.app/CrowdApp";
			};
			name = Debug;
		};
		65B219B81A2330A80057AC84 /* Release */ = {
			isa = XCBuildConfiguration;
			buildSettings = {
				BUNDLE_LOADER = "$(TEST_HOST)";
				FRAMEWORK_SEARCH_PATHS = (
					"$(SDKROOT)/Developer/Library/Frameworks",
					"$(inherited)",
				);
				INFOPLIST_FILE = CrowdAppTests/Info.plist;
				LD_RUNPATH_SEARCH_PATHS = "$(inherited) @executable_path/Frameworks @loader_path/Frameworks";
				PRODUCT_NAME = "$(TARGET_NAME)";
				TEST_HOST = "$(BUILT_PRODUCTS_DIR)/CrowdApp.app/CrowdApp";
			};
			name = Release;
		};
/* End XCBuildConfiguration section */

/* Begin XCConfigurationList section */
		65B2198F1A2330A80057AC84 /* Build configuration list for PBXProject "CrowdApp" */ = {
			isa = XCConfigurationList;
			buildConfigurations = (
				65B219B11A2330A80057AC84 /* Debug */,
				65B219B21A2330A80057AC84 /* Release */,
			);
			defaultConfigurationIsVisible = 0;
			defaultConfigurationName = Release;
		};
		65B219B31A2330A80057AC84 /* Build configuration list for PBXNativeTarget "CrowdApp" */ = {
			isa = XCConfigurationList;
			buildConfigurations = (
				65B219B41A2330A80057AC84 /* Debug */,
				65B219B51A2330A80057AC84 /* Release */,
			);
			defaultConfigurationIsVisible = 0;
		};
		65B219B61A2330A80057AC84 /* Build configuration list for PBXNativeTarget "CrowdAppTests" */ = {
			isa = XCConfigurationList;
			buildConfigurations = (
				65B219B71A2330A80057AC84 /* Debug */,
				65B219B81A2330A80057AC84 /* Release */,
			);
			defaultConfigurationIsVisible = 0;
		};
/* End XCConfigurationList section */
	};
	rootObject = 65B2198C1A2330A80057AC84 /* Project object */;
}
